{
    "_readme": [
        "This file locks the dependencies of your project to a known state",
        "Read more about it at https://getcomposer.org/doc/01-basic-usage.md#composer-lock-the-lock-file",
        "This file is @generated automatically"
    ],
    "hash": "092ba8d313f381a95426a8679a2860a5",
    "content-hash": "225d59afee87e6d8c74ab9672fd7e937",
    "packages": [
        {
            "name": "alkemann/h2l",
            "version": "v0.9.1",
            "source": {
                "type": "git",
                "url": "https://github.com/alkemann/h2l.git",
                "reference": "f4b1108de77034aa5fc39a419e5c500e3c5486a7"
            },
            "dist": {
                "type": "zip",
                "url": "https://api.github.com/repos/alkemann/h2l/zipball/f4b1108de77034aa5fc39a419e5c500e3c5486a7",
                "reference": "f4b1108de77034aa5fc39a419e5c500e3c5486a7",
                "shasum": ""
            },
            "require": {
                "php": "^7.0.0"
            },
            "require-dev": {
                "phpunit/phpunit": "^5.2"
            },
            "bin": [
                "bin/h2l",
                "bin/testh2l"
            ],
            "type": "library",
            "autoload": {
                "psr-4": {
                    "alkemann\\h2l\\": "src/"
                }
            },
            "notification-url": "https://packagist.org/downloads/",
            "license": [
                "MIT"
            ],
            "authors": [
                {
                    "name": "Alexander Morland",
                    "homepage": "https://github.com/alkemann"
                }
            ],
            "description": "A micro framework for websites and apis. This is a sequel of h.l, made for PHP 7",
            "homepage": "https://github.com/alkemann/h2l",
            "keywords": [
                "PHP7",
                "framework",
                "microframework",
                "router",
                "routing"
            ],
            "time": "2016-03-30 14:14:06"
        }
    ],
    "packages-dev": [],
    "aliases": [],
    "minimum-stability": "stable",
    "stability-flags": [],
    "prefer-stable": false,
    "prefer-lowest": false,
    "platform": [],
    "platform-dev": []
}
